// !$*UTF8*$!
{
	archiveVersion = 1;
	classes = {
	};
	objectVersion = 50;
	objects = {

/* Begin PBXBuildFile section */
		2101A4F0211BF45900C669D8 /* AppDelegate.swift in Sources */ = {isa = PBXBuildFile; fileRef = 2101A4EF211BF45900C669D8 /* AppDelegate.swift */; };
		2101A4F2211BF45900C669D8 /* ViewController.swift in Sources */ = {isa = PBXBuildFile; fileRef = 2101A4F1211BF45900C669D8 /* ViewController.swift */; };
		2101A4F5211BF45900C669D8 /* Main.storyboard in Resources */ = {isa = PBXBuildFile; fileRef = 2101A4F3211BF45900C669D8 /* Main.storyboard */; };
		2101A4F7211BF45C00C669D8 /* Assets.xcassets in Resources */ = {isa = PBXBuildFile; fileRef = 2101A4F6211BF45C00C669D8 /* Assets.xcassets */; };
		2101A4FA211BF45C00C669D8 /* LaunchScreen.storyboard in Resources */ = {isa = PBXBuildFile; fileRef = 2101A4F8211BF45C00C669D8 /* LaunchScreen.storyboard */; };
		2101A505211BF45C00C669D8 /* Work_JournalTests.swift in Sources */ = {isa = PBXBuildFile; fileRef = 2101A504211BF45C00C669D8 /* Work_JournalTests.swift */; };
		2101A510211BF45C00C669D8 /* Work_JournalUITests.swift in Sources */ = {isa = PBXBuildFile; fileRef = 2101A50F211BF45C00C669D8 /* Work_JournalUITests.swift */; };
		2101A520211C102800C669D8 /* StartViewController.swift in Sources */ = {isa = PBXBuildFile; fileRef = 2101A51F211C102800C669D8 /* StartViewController.swift */; };
/* End PBXBuildFile section */

/* Begin PBXContainerItemProxy section */
		2101A501211BF45C00C669D8 /* PBXContainerItemProxy */ = {
			isa = PBXContainerItemProxy;
			containerPortal = 2101A4E4211BF45900C669D8 /* Project object */;
			proxyType = 1;
			remoteGlobalIDString = 2101A4EB211BF45900C669D8;
			remoteInfo = "Work Journal";
		};
		2101A50C211BF45C00C669D8 /* PBXContainerItemProxy */ = {
			isa = PBXContainerItemProxy;
			containerPortal = 2101A4E4211BF45900C669D8 /* Project object */;
			proxyType = 1;
			remoteGlobalIDString = 2101A4EB211BF45900C669D8;
			remoteInfo = "Work Journal";
		};
/* End PBXContainerItemProxy section */

/* Begin PBXFileReference section */
		2101A4EC211BF45900C669D8 /* Work Journal.app */ = {isa = PBXFileReference; explicitFileType = wrapper.application; includeInIndex = 0; path = "Work Journal.app"; sourceTree = BUILT_PRODUCTS_DIR; };
		2101A4EF211BF45900C669D8 /* AppDelegate.swift */ = {isa = PBXFileReference; lastKnownFileType = sourcecode.swift; path = AppDelegate.swift; sourceTree = "<group>"; };
		2101A4F1211BF45900C669D8 /* ViewController.swift */ = {isa = PBXFileReference; lastKnownFileType = sourcecode.swift; path = ViewController.swift; sourceTree = "<group>"; };
		2101A4F4211BF45900C669D8 /* Base */ = {isa = PBXFileReference; lastKnownFileType = file.storyboard; name = Base; path = Base.lproj/Main.storyboard; sourceTree = "<group>"; };
		2101A4F6211BF45C00C669D8 /* Assets.xcassets */ = {isa = PBXFileReference; lastKnownFileType = folder.assetcatalog; path = Assets.xcassets; sourceTree = "<group>"; };
		2101A4F9211BF45C00C669D8 /* Base */ = {isa = PBXFileReference; lastKnownFileType = file.storyboard; name = Base; path = Base.lproj/LaunchScreen.storyboard; sourceTree = "<group>"; };
		2101A4FB211BF45C00C669D8 /* Info.plist */ = {isa = PBXFileReference; lastKnownFileType = text.plist.xml; path = Info.plist; sourceTree = "<group>"; };
		2101A500211BF45C00C669D8 /* Work JournalTests.xctest */ = {isa = PBXFileReference; explicitFileType = wrapper.cfbundle; includeInIndex = 0; path = "Work JournalTests.xctest"; sourceTree = BUILT_PRODUCTS_DIR; };
		2101A504211BF45C00C669D8 /* Work_JournalTests.swift */ = {isa = PBXFileReference; lastKnownFileType = sourcecode.swift; path = Work_JournalTests.swift; sourceTree = "<group>"; };
		2101A506211BF45C00C669D8 /* Info.plist */ = {isa = PBXFileReference; lastKnownFileType = text.plist.xml; path = Info.plist; sourceTree = "<group>"; };
		2101A50B211BF45C00C669D8 /* Work JournalUITests.xctest */ = {isa = PBXFileReference; explicitFileType = wrapper.cfbundle; includeInIndex = 0; path = "Work JournalUITests.xctest"; sourceTree = BUILT_PRODUCTS_DIR; };
		2101A50F211BF45C00C669D8 /* Work_JournalUITests.swift */ = {isa = PBXFileReference; lastKnownFileType = sourcecode.swift; path = Work_JournalUITests.swift; sourceTree = "<group>"; };
		2101A511211BF45C00C669D8 /* Info.plist */ = {isa = PBXFileReference; lastKnownFileType = text.plist.xml; path = Info.plist; sourceTree = "<group>"; };
		2101A51F211C102800C669D8 /* StartViewController.swift */ = {isa = PBXFileReference; lastKnownFileType = sourcecode.swift; path = StartViewController.swift; sourceTree = "<group>"; };
/* End PBXFileReference section */

/* Begin PBXFrameworksBuildPhase section */
		2101A4E9211BF45900C669D8 /* Frameworks */ = {
			isa = PBXFrameworksBuildPhase;
			buildActionMask = 2147483647;
			files = (
			);
			runOnlyForDeploymentPostprocessing = 0;
		};
		2101A4FD211BF45C00C669D8 /* Frameworks */ = {
			isa = PBXFrameworksBuildPhase;
			buildActionMask = 2147483647;
			files = (
			);
			runOnlyForDeploymentPostprocessing = 0;
		};
		2101A508211BF45C00C669D8 /* Frameworks */ = {
			isa = PBXFrameworksBuildPhase;
			buildActionMask = 2147483647;
			files = (
			);
			runOnlyForDeploymentPostprocessing = 0;
		};
/* End PBXFrameworksBuildPhase section */

/* Begin PBXGroup section */
		2101A4E3211BF45900C669D8 = {
			isa = PBXGroup;
			children = (
				2101A4EE211BF45900C669D8 /* Work Journal */,
				2101A503211BF45C00C669D8 /* Work JournalTests */,
				2101A50E211BF45C00C669D8 /* Work JournalUITests */,
				2101A4ED211BF45900C669D8 /* Products */,
			);
			sourceTree = "<group>";
		};
		2101A4ED211BF45900C669D8 /* Products */ = {
			isa = PBXGroup;
			children = (
				2101A4EC211BF45900C669D8 /* Work Journal.app */,
				2101A500211BF45C00C669D8 /* Work JournalTests.xctest */,
				2101A50B211BF45C00C669D8 /* Work JournalUITests.xctest */,
			);
			name = Products;
			sourceTree = "<group>";
		};
		2101A4EE211BF45900C669D8 /* Work Journal */ = {
			isa = PBXGroup;
			children = (
				2101A4EF211BF45900C669D8 /* AppDelegate.swift */,
				2101A4F1211BF45900C669D8 /* ViewController.swift */,
				2101A4F3211BF45900C669D8 /* Main.storyboard */,
				2101A51F211C102800C669D8 /* StartViewController.swift */,
				2101A4F6211BF45C00C669D8 /* Assets.xcassets */,
				2101A4F8211BF45C00C669D8 /* LaunchScreen.storyboard */,
				2101A4FB211BF45C00C669D8 /* Info.plist */,
			);
			path = "Work Journal";
			sourceTree = "<group>";
		};
		2101A503211BF45C00C669D8 /* Work JournalTests */ = {
			isa = PBXGroup;
			children = (
				2101A504211BF45C00C669D8 /* Work_JournalTests.swift */,
				2101A506211BF45C00C669D8 /* Info.plist */,
			);
			path = "Work JournalTests";
			sourceTree = "<group>";
		};
		2101A50E211BF45C00C669D8 /* Work JournalUITests */ = {
			isa = PBXGroup;
			children = (
				2101A50F211BF45C00C669D8 /* Work_JournalUITests.swift */,
				2101A511211BF45C00C669D8 /* Info.plist */,
			);
			path = "Work JournalUITests";
			sourceTree = "<group>";
		};
/* End PBXGroup section */

/* Begin PBXNativeTarget section */
		2101A4EB211BF45900C669D8 /* Work Journal */ = {
			isa = PBXNativeTarget;
			buildConfigurationList = 2101A514211BF45C00C669D8 /* Build configuration list for PBXNativeTarget "Work Journal" */;
			buildPhases = (
				2101A4E8211BF45900C669D8 /* Sources */,
				2101A4E9211BF45900C669D8 /* Frameworks */,
				2101A4EA211BF45900C669D8 /* Resources */,
			);
			buildRules = (
			);
			dependencies = (
			);
			name = "Work Journal";
			productName = "Work Journal";
			productReference = 2101A4EC211BF45900C669D8 /* Work Journal.app */;
			productType = "com.apple.product-type.application";
		};
		2101A4FF211BF45C00C669D8 /* Work JournalTests */ = {
			isa = PBXNativeTarget;
			buildConfigurationList = 2101A517211BF45C00C669D8 /* Build configuration list for PBXNativeTarget "Work JournalTests" */;
			buildPhases = (
				2101A4FC211BF45C00C669D8 /* Sources */,
				2101A4FD211BF45C00C669D8 /* Frameworks */,
				2101A4FE211BF45C00C669D8 /* Resources */,
			);
			buildRules = (
			);
			dependencies = (
				2101A502211BF45C00C669D8 /* PBXTargetDependency */,
			);
			name = "Work JournalTests";
			productName = "Work JournalTests";
			productReference = 2101A500211BF45C00C669D8 /* Work JournalTests.xctest */;
			productType = "com.apple.product-type.bundle.unit-test";
		};
		2101A50A211BF45C00C669D8 /* Work JournalUITests */ = {
			isa = PBXNativeTarget;
			buildConfigurationList = 2101A51A211BF45C00C669D8 /* Build configuration list for PBXNativeTarget "Work JournalUITests" */;
			buildPhases = (
				2101A507211BF45C00C669D8 /* Sources */,
				2101A508211BF45C00C669D8 /* Frameworks */,
				2101A509211BF45C00C669D8 /* Resources */,
			);
			buildRules = (
			);
			dependencies = (
				2101A50D211BF45C00C669D8 /* PBXTargetDependency */,
			);
			name = "Work JournalUITests";
			productName = "Work JournalUITests";
			productReference = 2101A50B211BF45C00C669D8 /* Work JournalUITests.xctest */;
			productType = "com.apple.product-type.bundle.ui-testing";
		};
/* End PBXNativeTarget section */

/* Begin PBXProject section */
		2101A4E4211BF45900C669D8 /* Project object */ = {
			isa = PBXProject;
			attributes = {
				LastSwiftUpdateCheck = 0930;
				LastUpgradeCheck = 0930;
				ORGANIZATIONNAME = "Glenn Skelton";
				TargetAttributes = {
					2101A4EB211BF45900C669D8 = {
						CreatedOnToolsVersion = 9.3;
					};
					2101A4FF211BF45C00C669D8 = {
						CreatedOnToolsVersion = 9.3;
						TestTargetID = 2101A4EB211BF45900C669D8;
					};
					2101A50A211BF45C00C669D8 = {
						CreatedOnToolsVersion = 9.3;
						TestTargetID = 2101A4EB211BF45900C669D8;
					};
				};
			};
			buildConfigurationList = 2101A4E7211BF45900C669D8 /* Build configuration list for PBXProject "Work Journal" */;
			compatibilityVersion = "Xcode 9.3";
			developmentRegion = en;
			hasScannedForEncodings = 0;
			knownRegions = (
				en,
				Base,
			);
			mainGroup = 2101A4E3211BF45900C669D8;
			productRefGroup = 2101A4ED211BF45900C669D8 /* Products */;
			projectDirPath = "";
			projectRoot = "";
			targets = (
				2101A4EB211BF45900C669D8 /* Work Journal */,
				2101A4FF211BF45C00C669D8 /* Work JournalTests */,
				2101A50A211BF45C00C669D8 /* Work JournalUITests */,
			);
		};
/* End PBXProject section */

/* Begin PBXResourcesBuildPhase section */
		2101A4EA211BF45900C669D8 /* Resources */ = {
			isa = PBXResourcesBuildPhase;
			buildActionMask = 2147483647;
			files = (
				2101A4FA211BF45C00C669D8 /* LaunchScreen.storyboard in Resources */,
				2101A4F7211BF45C00C669D8 /* Assets.xcassets in Resources */,
				2101A4F5211BF45900C669D8 /* Main.storyboard in Resources */,
			);
			runOnlyForDeploymentPostprocessing = 0;
		};
		2101A4FE211BF45C00C669D8 /* Resources */ = {
			isa = PBXResourcesBuildPhase;
			buildActionMask = 2147483647;
			files = (
			);
			runOnlyForDeploymentPostprocessing = 0;
		};
		2101A509211BF45C00C669D8 /* Resources */ = {
			isa = PBXResourcesBuildPhase;
			buildActionMask = 2147483647;
			files = (
			);
			runOnlyForDeploymentPostprocessing = 0;
		};
/* End PBXResourcesBuildPhase section */

/* Begin PBXSourcesBuildPhase section */
		2101A4E8211BF45900C669D8 /* Sources */ = {
			isa = PBXSourcesBuildPhase;
			buildActionMask = 2147483647;
			files = (
				2101A4F2211BF45900C669D8 /* ViewController.swift in Sources */,
				2101A4F0211BF45900C669D8 /* AppDelegate.swift in Sources */,
				2101A520211C102800C669D8 /* StartViewController.swift in Sources */,
			);
			runOnlyForDeploymentPostprocessing = 0;
		};
		2101A4FC211BF45C00C669D8 /* Sources */ = {
			isa = PBXSourcesBuildPhase;
			buildActionMask = 2147483647;
			files = (
				2101A505211BF45C00C669D8 /* Work_JournalTests.swift in Sources */,
			);
			runOnlyForDeploymentPostprocessing = 0;
		};
		2101A507211BF45C00C669D8 /* Sources */ = {
			isa = PBXSourcesBuildPhase;
			buildActionMask = 2147483647;
			files = (
				2101A510211BF45C00C669D8 /* Work_JournalUITests.swift in Sources */,
			);
			runOnlyForDeploymentPostprocessing = 0;
		};
/* End PBXSourcesBuildPhase section */

/* Begin PBXTargetDependency section */
		2101A502211BF45C00C669D8 /* PBXTargetDependency */ = {
			isa = PBXTargetDependency;
			target = 2101A4EB211BF45900C669D8 /* Work Journal */;
			targetProxy = 2101A501211BF45C00C669D8 /* PBXContainerItemProxy */;
		};
		2101A50D211BF45C00C669D8 /* PBXTargetDependency */ = {
			isa = PBXTargetDependency;
			target = 2101A4EB211BF45900C669D8 /* Work Journal */;
			targetProxy = 2101A50C211BF45C00C669D8 /* PBXContainerItemProxy */;
		};
/* End PBXTargetDependency section */

/* Begin PBXVariantGroup section */
		2101A4F3211BF45900C669D8 /* Main.storyboard */ = {
			isa = PBXVariantGroup;
			children = (
				2101A4F4211BF45900C669D8 /* Base */,
			);
			name = Main.storyboard;
			sourceTree = "<group>";
		};
		2101A4F8211BF45C00C669D8 /* LaunchScreen.storyboard */ = {
			isa = PBXVariantGroup;
			children = (
				2101A4F9211BF45C00C669D8 /* Base */,
			);
			name = LaunchScreen.storyboard;
			sourceTree = "<group>";
		};
/* End PBXVariantGroup section */

/* Begin XCBuildConfiguration section */
		2101A512211BF45C00C669D8 /* Debug */ = {
			isa = XCBuildConfiguration;
			buildSettings = {
				ALWAYS_SEARCH_USER_PATHS = NO;
				CLANG_ANALYZER_NONNULL = YES;
				CLANG_ANALYZER_NUMBER_OBJECT_CONVERSION = YES_AGGRESSIVE;
				CLANG_CXX_LANGUAGE_STANDARD = "gnu++14";
				CLANG_CXX_LIBRARY = "libc++";
				CLANG_ENABLE_MODULES = YES;
				CLANG_ENABLE_OBJC_ARC = YES;
				CLANG_ENABLE_OBJC_WEAK = YES;
				CLANG_WARN_BLOCK_CAPTURE_AUTORELEASING = YES;
				CLANG_WARN_BOOL_CONVERSION = YES;
				CLANG_WARN_COMMA = YES;
				CLANG_WARN_CONSTANT_CONVERSION = YES;
				CLANG_WARN_DEPRECATED_OBJC_IMPLEMENTATIONS = YES;
				CLANG_WARN_DIRECT_OBJC_ISA_USAGE = YES_ERROR;
				CLANG_WARN_DOCUMENTATION_COMMENTS = YES;
				CLANG_WARN_EMPTY_BODY = YES;
				CLANG_WARN_ENUM_CONVERSION = YES;
				CLANG_WARN_INFINITE_RECURSION = YES;
				CLANG_WARN_INT_CONVERSION = YES;
				CLANG_WARN_NON_LITERAL_NULL_CONVERSION = YES;
				CLANG_WARN_OBJC_IMPLICIT_RETAIN_SELF = YES;
				CLANG_WARN_OBJC_LITERAL_CONVERSION = YES;
				CLANG_WARN_OBJC_ROOT_CLASS = YES_ERROR;
				CLANG_WARN_RANGE_LOOP_ANALYSIS = YES;
				CLANG_WARN_STRICT_PROTOTYPES = YES;
				CLANG_WARN_SUSPICIOUS_MOVE = YES;
				CLANG_WARN_UNGUARDED_AVAILABILITY = YES_AGGRESSIVE;
				CLANG_WARN_UNREACHABLE_CODE = YES;
				CLANG_WARN__DUPLICATE_METHOD_MATCH = YES;
				CODE_SIGN_IDENTITY = "iPhone Developer";
				COPY_PHASE_STRIP = NO;
				DEBUG_INFORMATION_FORMAT = dwarf;
				ENABLE_STRICT_OBJC_MSGSEND = YES;
				ENABLE_TESTABILITY = YES;
				GCC_C_LANGUAGE_STANDARD = gnu11;
				GCC_DYNAMIC_NO_PIC = NO;
				GCC_NO_COMMON_BLOCKS = YES;
				GCC_OPTIMIZATION_LEVEL = 0;
				GCC_PREPROCESSOR_DEFINITIONS = (
					"DEBUG=1",
					"$(inherited)",
				);
				GCC_WARN_64_TO_32_BIT_CONVERSION = YES;
				GCC_WARN_ABOUT_RETURN_TYPE = YES_ERROR;
				GCC_WARN_UNDECLARED_SELECTOR = YES;
				GCC_WARN_UNINITIALIZED_AUTOS = YES_AGGRESSIVE;
				GCC_WARN_UNUSED_FUNCTION = YES;
				GCC_WARN_UNUSED_VARIABLE = YES;
				IPHONEOS_DEPLOYMENT_TARGET = 11.3;
				MTL_ENABLE_DEBUG_INFO = YES;
				ONLY_ACTIVE_ARCH = YES;
				SDKROOT = iphoneos;
				SWIFT_ACTIVE_COMPILATION_CONDITIONS = DEBUG;
				SWIFT_OPTIMIZATION_LEVEL = "-Onone";
			};
			name = Debug;
		};
		2101A513211BF45C00C669D8 /* Release */ = {
			isa = XCBuildConfiguration;
			buildSettings = {
				ALWAYS_SEARCH_USER_PATHS = NO;
				CLANG_ANALYZER_NONNULL = YES;
				CLANG_ANALYZER_NUMBER_OBJECT_CONVERSION = YES_AGGRESSIVE;
				CLANG_CXX_LANGUAGE_STANDARD = "gnu++14";
				CLANG_CXX_LIBRARY = "libc++";
				CLANG_ENABLE_MODULES = YES;
				CLANG_ENABLE_OBJC_ARC = YES;
				CLANG_ENABLE_OBJC_WEAK = YES;
				CLANG_WARN_BLOCK_CAPTURE_AUTORELEASING = YES;
				CLANG_WARN_BOOL_CONVERSION = YES;
				CLANG_WARN_COMMA = YES;
				CLANG_WARN_CONSTANT_CONVERSION = YES;
				CLANG_WARN_DEPRECATED_OBJC_IMPLEMENTATIONS = YES;
				CLANG_WARN_DIRECT_OBJC_ISA_USAGE = YES_ERROR;
				CLANG_WARN_DOCUMENTATION_COMMENTS = YES;
				CLANG_WARN_EMPTY_BODY = YES;
				CLANG_WARN_ENUM_CONVERSION = YES;
				CLANG_WARN_INFINITE_RECURSION = YES;
				CLANG_WARN_INT_CONVERSION = YES;
				CLANG_WARN_NON_LITERAL_NULL_CONVERSION = YES;
				CLANG_WARN_OBJC_IMPLICIT_RETAIN_SELF = YES;
				CLANG_WARN_OBJC_LITERAL_CONVERSION = YES;
				CLANG_WARN_OBJC_ROOT_CLASS = YES_ERROR;
				CLANG_WARN_RANGE_LOOP_ANALYSIS = YES;
				CLANG_WARN_STRICT_PROTOTYPES = YES;
				CLANG_WARN_SUSPICIOUS_MOVE = YES;
				CLANG_WARN_UNGUARDED_AVAILABILITY = YES_AGGRESSIVE;
				CLANG_WARN_UNREACHABLE_CODE = YES;
				CLANG_WARN__DUPLICATE_METHOD_MATCH = YES;
				CODE_SIGN_IDENTITY = "iPhone Developer";
				COPY_PHASE_STRIP = NO;
				DEBUG_INFORMATION_FORMAT = "dwarf-with-dsym";
				ENABLE_NS_ASSERTIONS = NO;
				ENABLE_STRICT_OBJC_MSGSEND = YES;
				GCC_C_LANGUAGE_STANDARD = gnu11;
				GCC_NO_COMMON_BLOCKS = YES;
				GCC_WARN_64_TO_32_BIT_CONVERSION = YES;
				GCC_WARN_ABOUT_RETURN_TYPE = YES_ERROR;
				GCC_WARN_UNDECLARED_SELECTOR = YES;
				GCC_WARN_UNINITIALIZED_AUTOS = YES_AGGRESSIVE;
				GCC_WARN_UNUSED_FUNCTION = YES;
				GCC_WARN_UNUSED_VARIABLE = YES;
				IPHONEOS_DEPLOYMENT_TARGET = 11.3;
				MTL_ENABLE_DEBUG_INFO = NO;
				SDKROOT = iphoneos;
				SWIFT_COMPILATION_MODE = wholemodule;
				SWIFT_OPTIMIZATION_LEVEL = "-O";
				VALIDATE_PRODUCT = YES;
			};
			name = Release;
		};
		2101A515211BF45C00C669D8 /* Debug */ = {
			isa = XCBuildConfiguration;
			buildSettings = {
				ASSETCATALOG_COMPILER_APPICON_NAME = AppIcon;
				CODE_SIGN_STYLE = Automatic;
				DEVELOPMENT_TEAM = L322W98TWW;
				INFOPLIST_FILE = "Work Journal/Info.plist";
				LD_RUNPATH_SEARCH_PATHS = (
					"$(inherited)",
					"@executable_path/Frameworks",
				);
				PRODUCT_BUNDLE_IDENTIFIER = "Glenn-Skelton.Work-Journal";
				PRODUCT_NAME = "$(TARGET_NAME)";
				SWIFT_VERSION = 4.0;
				TARGETED_DEVICE_FAMILY = "1,2";
			};
			name = Debug;
		};
		2101A516211BF45C00C669D8 /* Release */ = {
			isa = XCBuildConfiguration;
			buildSettings = {
				ASSETCATALOG_COMPILER_APPICON_NAME = AppIcon;
				CODE_SIGN_STYLE = Automatic;
				DEVELOPMENT_TEAM = L322W98TWW;
				INFOPLIST_FILE = "Work Journal/Info.plist";
				LD_RUNPATH_SEARCH_PATHS = (
					"$(inherited)",
					"@executable_path/Frameworks",
				);
				PRODUCT_BUNDLE_IDENTIFIER = "Glenn-Skelton.Work-Journal";
				PRODUCT_NAME = "$(TARGET_NAME)";
				SWIFT_VERSION = 4.0;
				TARGETED_DEVICE_FAMILY = "1,2";
			};
			name = Release;
		};
		2101A518211BF45C00C669D8 /* Debug */ = {
			isa = XCBuildConfiguration;
			buildSettings = {
				ALWAYS_EMBED_SWIFT_STANDARD_LIBRARIES = YES;
				BUNDLE_LOADER = "$(TEST_HOST)";
				CODE_SIGN_STYLE = Automatic;
				DEVELOPMENT_TEAM = L322W98TWW;
				INFOPLIST_FILE = "Work JournalTests/Info.plist";
				LD_RUNPATH_SEARCH_PATHS = (
					"$(inherited)",
					"@executable_path/Frameworks",
					"@loader_path/Frameworks",
				);
				PRODUCT_BUNDLE_IDENTIFIER = "Glenn-Skelton.Work-JournalTests";
				PRODUCT_NAME = "$(TARGET_NAME)";
				SWIFT_VERSION = 4.0;
				TARGETED_DEVICE_FAMILY = "1,2";
				TEST_HOST = "$(BUILT_PRODUCTS_DIR)/Work Journal.app/Work Journal";
			};
			name = Debug;
		};
		2101A519211BF45C00C669D8 /* Release */ = {
			isa = XCBuildConfiguration;
			buildSettings = {
				ALWAYS_EMBED_SWIFT_STANDARD_LIBRARIES = YES;
				BUNDLE_LOADER = "$(TEST_HOST)";
				CODE_SIGN_STYLE = Automatic;
				DEVELOPMENT_TEAM = L322W98TWW;
				INFOPLIST_FILE = "Work JournalTests/Info.plist";
				LD_RUNPATH_SEARCH_PATHS = (
					"$(inherited)",
					"@executable_path/Frameworks",
					"@loader_path/Frameworks",
				);
				PRODUCT_BUNDLE_IDENTIFIER = "Glenn-Skelton.Work-JournalTests";
				PRODUCT_NAME = "$(TARGET_NAME)";
				SWIFT_VERSION = 4.0;
				TARGETED_DEVICE_FAMILY = "1,2";
				TEST_HOST = "$(BUILT_PRODUCTS_DIR)/Work Journal.app/Work Journal";
			};
			name = Release;
		};
		2101A51B211BF45C00C669D8 /* Debug */ = {
			isa = XCBuildConfiguration;
			buildSettings = {
				ALWAYS_EMBED_SWIFT_STANDARD_LIBRARIES = YES;
				CODE_SIGN_STYLE = Automatic;
				DEVELOPMENT_TEAM = L322W98TWW;
				INFOPLIST_FILE = "Work JournalUITests/Info.plist";
				LD_RUNPATH_SEARCH_PATHS = (
					"$(inherited)",
					"@executable_path/Frameworks",
					"@loader_path/Frameworks",
				);
				PRODUCT_BUNDLE_IDENTIFIER = "Glenn-Skelton.Work-JournalUITests";
				PRODUCT_NAME = "$(TARGET_NAME)";
				SWIFT_VERSION = 4.0;
				TARGETED_DEVICE_FAMILY = "1,2";
				TEST_TARGET_NAME = "Work Journal";
			};
			name = Debug;
		};
		2101A51C211BF45C00C669D8 /* Release */ = {
			isa = XCBuildConfiguration;
			buildSettings = {
				ALWAYS_EMBED_SWIFT_STANDARD_LIBRARIES = YES;
				CODE_SIGN_STYLE = Automatic;
				DEVELOPMENT_TEAM = L322W98TWW;
				INFOPLIST_FILE = "Work JournalUITests/Info.plist";
				LD_RUNPATH_SEARCH_PATHS = (
					"$(inherited)",
					"@executable_path/Frameworks",
					"@loader_path/Frameworks",
				);
				PRODUCT_BUNDLE_IDENTIFIER = "Glenn-Skelton.Work-JournalUITests";
				PRODUCT_NAME = "$(TARGET_NAME)";
				SWIFT_VERSION = 4.0;
				TARGETED_DEVICE_FAMILY = "1,2";
				TEST_TARGET_NAME = "Work Journal";
			};
			name = Release;
		};
/* End XCBuildConfiguration section */

/* Begin XCConfigurationList section */
		2101A4E7211BF45900C669D8 /* Build configuration list for PBXProject "Work Journal" */ = {
			isa = XCConfigurationList;
			buildConfigurations = (
				2101A512211BF45C00C669D8 /* Debug */,
				2101A513211BF45C00C669D8 /* Release */,
			);
			defaultConfigurationIsVisible = 0;
			defaultConfigurationName = Release;
		};
		2101A514211BF45C00C669D8 /* Build configuration list for PBXNativeTarget "Work Journal" */ = {
			isa = XCConfigurationList;
			buildConfigurations = (
				2101A515211BF45C00C669D8 /* Debug */,
				2101A516211BF45C00C669D8 /* Release */,
			);
			defaultConfigurationIsVisible = 0;
			defaultConfigurationName = Release;
		};
		2101A517211BF45C00C669D8 /* Build configuration list for PBXNativeTarget "Work JournalTests" */ = {
			isa = XCConfigurationList;
			buildConfigurations = (
				2101A518211BF45C00C669D8 /* Debug */,
				2101A519211BF45C00C669D8 /* Release */,
			);
			defaultConfigurationIsVisible = 0;
			defaultConfigurationName = Release;
		};
		2101A51A211BF45C00C669D8 /* Build configuration list for PBXNativeTarget "Work JournalUITests" */ = {
			isa = XCConfigurationList;
			buildConfigurations = (
				2101A51B211BF45C00C669D8 /* Debug */,
				2101A51C211BF45C00C669D8 /* Release */,
			);
			defaultConfigurationIsVisible = 0;
			defaultConfigurationName = Release;
		};
/* End XCConfigurationList section */
	};
	rootObject = 2101A4E4211BF45900C669D8 /* Project object */;
}
